
Microsoft Visual Studio Solution File, Format Version 12.00
# Visual Studio Version 17
VisualStudioVersion = 17.5.002.0
MinimumVisualStudioVersion = 10.0.40219.1
Project("{9A19103F-16F7-4668-BE54-9A1E7A4F7556}") = "KonwersjaCzasu", "KonwersjaCzasu.csproj", "{3E8BC78F-AC65-40F2-B247-C354DB03147D}"
EndProject
Global
	GlobalSection(SolutionConfigurationPlatforms) = preSolution
		Debug|Any CPU = Debug|Any CPU
		Release|Any CPU = Release|Any CPU
	EndGlobalSection
	GlobalSection(ProjectConfigurationPlatforms) = postSolution
		{3E8BC78F-AC65-40F2-B247-C354DB03147D}.Debug|Any CPU.ActiveCfg = Debug|Any CPU
		{3E8BC78F-AC65-40F2-B247-C354DB03147D}.Debug|Any CPU.Build.0 = Debug|Any CPU
		{3E8BC78F-AC65-40F2-B247-C354DB03147D}.Release|Any CPU.ActiveCfg = Release|Any CPU
		{3E8BC78F-AC65-40F2-B247-C354DB03147D}.Release|Any CPU.Build.0 = Release|Any CPU
	EndGlobalSection
	GlobalSection(SolutionProperties) = preSolution
		HideSolutionNode = FALSE
	EndGlobalSection
	GlobalSection(ExtensibilityGlobals) = postSolution
		SolutionGuid = {41535D16-6A8B-4851-9280-4CB76A409B0D}
	EndGlobalSection
EndGlobal
